
Microsoft Visual Studio Solution File, Format Version 12.00
# Visual Studio Version 16
VisualStudioVersion = 16.0.31004.235
MinimumVisualStudioVersion = 10.0.40219.1
Project("{FAE04EC0-301F-11D3-BF4B-00C04F79EFBC}") = "TeacherRecords", "TeacherRecords\TeacherRecords.csproj", "{3602F4AF-47A1-4ACB-950B-7CAC0D0B0D13}"
EndProject
Global
	GlobalSection(SolutionConfigurationPlatforms) = preSolution
		Debug|Any CPU = Debug|Any CPU
		Release|Any CPU = Release|Any CPU
	EndGlobalSection
	GlobalSection(ProjectConfigurationPlatforms) = postSolution
		{3602F4AF-47A1-4ACB-950B-7CAC0D0B0D13}.Debug|Any CPU.ActiveCfg = Debug|Any CPU
		{3602F4AF-47A1-4ACB-950B-7CAC0D0B0D13}.Debug|Any CPU.Build.0 = Debug|Any CPU
		{3602F4AF-47A1-4ACB-950B-7CAC0D0B0D13}.Release|Any CPU.ActiveCfg = Release|Any CPU
		{3602F4AF-47A1-4ACB-950B-7CAC0D0B0D13}.Release|Any CPU.Build.0 = Release|Any CPU
	EndGlobalSection
	GlobalSection(SolutionProperties) = preSolution
		HideSolutionNode = FALSE
	EndGlobalSection
	GlobalSection(ExtensibilityGlobals) = postSolution
		SolutionGuid = {6552EDF5-421E-47DD-A9C6-4DDABF168BD8}
	EndGlobalSection
EndGlobal
